// !$*UTF8*$!
{
	archiveVersion = 1;
	classes = {
	};
	objectVersion = 56;
	objects = {

/* Begin PBXBuildFile section */
		12A1412C2D230D5F00852C4C /* QR_Code_SafeApp.swift in Sources */ = {isa = PBXBuildFile; fileRef = 12A1412B2D230D5F00852C4C /* QR_Code_SafeApp.swift */; };
		12A1412E2D230D5F00852C4C /* ContentView.swift in Sources */ = {isa = PBXBuildFile; fileRef = 12A1412D2D230D5F00852C4C /* ContentView.swift */; };
		12A141302D230D6000852C4C /* Assets.xcassets in Resources */ = {isa = PBXBuildFile; fileRef = 12A1412F2D230D6000852C4C /* Assets.xcassets */; };
		12A141332D230D6000852C4C /* Preview Assets.xcassets in Resources */ = {isa = PBXBuildFile; fileRef = 12A141322D230D6000852C4C /* Preview Assets.xcassets */; };
		12A1413D2D230D6000852C4C /* QR_Code_SafeTests.swift in Sources */ = {isa = PBXBuildFile; fileRef = 12A1413C2D230D6000852C4C /* QR_Code_SafeTests.swift */; };
		12A141472D230D6000852C4C /* QR_Code_SafeUITests.swift in Sources */ = {isa = PBXBuildFile; fileRef = 12A141462D230D6000852C4C /* QR_Code_SafeUITests.swift */; };
		12A141492D230D6000852C4C /* QR_Code_SafeUITestsLaunchTests.swift in Sources */ = {isa = PBXBuildFile; fileRef = 12A141482D230D6000852C4C /* QR_Code_SafeUITestsLaunchTests.swift */; };
/* End PBXBuildFile section */

/* Begin PBXContainerItemProxy section */
		12A141392D230D6000852C4C /* PBXContainerItemProxy */ = {
			isa = PBXContainerItemProxy;
			containerPortal = 12A141202D230D5F00852C4C /* Project object */;
			proxyType = 1;
			remoteGlobalIDString = 12A141272D230D5F00852C4C;
			remoteInfo = "QR Code Safe";
		};
		12A141432D230D6000852C4C /* PBXContainerItemProxy */ = {
			isa = PBXContainerItemProxy;
			containerPortal = 12A141202D230D5F00852C4C /* Project object */;
			proxyType = 1;
			remoteGlobalIDString = 12A141272D230D5F00852C4C;
			remoteInfo = "QR Code Safe";
		};
/* End PBXContainerItemProxy section */

/* Begin PBXFileReference section */
		12A141282D230D5F00852C4C /* QR Code Safe.app */ = {isa = PBXFileReference; explicitFileType = wrapper.application; includeInIndex = 0; path = "QR Code Safe.app"; sourceTree = BUILT_PRODUCTS_DIR; };
		12A1412B2D230D5F00852C4C /* QR_Code_SafeApp.swift */ = {isa = PBXFileReference; lastKnownFileType = sourcecode.swift; path = QR_Code_SafeApp.swift; sourceTree = "<group>"; };
		12A1412D2D230D5F00852C4C /* ContentView.swift */ = {isa = PBXFileReference; lastKnownFileType = sourcecode.swift; path = ContentView.swift; sourceTree = "<group>"; };
		12A1412F2D230D6000852C4C /* Assets.xcassets */ = {isa = PBXFileReference; lastKnownFileType = folder.assetcatalog; path = Assets.xcassets; sourceTree = "<group>"; };
		12A141322D230D6000852C4C /* Preview Assets.xcassets */ = {isa = PBXFileReference; lastKnownFileType = folder.assetcatalog; path = "Preview Assets.xcassets"; sourceTree = "<group>"; };
		12A141382D230D6000852C4C /* QR Code SafeTests.xctest */ = {isa = PBXFileReference; explicitFileType = wrapper.cfbundle; includeInIndex = 0; path = "QR Code SafeTests.xctest"; sourceTree = BUILT_PRODUCTS_DIR; };
		12A1413C2D230D6000852C4C /* QR_Code_SafeTests.swift */ = {isa = PBXFileReference; lastKnownFileType = sourcecode.swift; path = QR_Code_SafeTests.swift; sourceTree = "<group>"; };
		12A141422D230D6000852C4C /* QR Code SafeUITests.xctest */ = {isa = PBXFileReference; explicitFileType = wrapper.cfbundle; includeInIndex = 0; path = "QR Code SafeUITests.xctest"; sourceTree = BUILT_PRODUCTS_DIR; };
		12A141462D230D6000852C4C /* QR_Code_SafeUITests.swift */ = {isa = PBXFileReference; lastKnownFileType = sourcecode.swift; path = QR_Code_SafeUITests.swift; sourceTree = "<group>"; };
		12A141482D230D6000852C4C /* QR_Code_SafeUITestsLaunchTests.swift */ = {isa = PBXFileReference; lastKnownFileType = sourcecode.swift; path = QR_Code_SafeUITestsLaunchTests.swift; sourceTree = "<group>"; };
/* End PBXFileReference section */

/* Begin PBXFrameworksBuildPhase section */
		12A141252D230D5F00852C4C /* Frameworks */ = {
			isa = PBXFrameworksBuildPhase;
			buildActionMask = 2147483647;
			files = (
			);
			runOnlyForDeploymentPostprocessing = 0;
		};
		12A141352D230D6000852C4C /* Frameworks */ = {
			isa = PBXFrameworksBuildPhase;
			buildActionMask = 2147483647;
			files = (
			);
			runOnlyForDeploymentPostprocessing = 0;
		};
		12A1413F2D230D6000852C4C /* Frameworks */ = {
			isa = PBXFrameworksBuildPhase;
			buildActionMask = 2147483647;
			files = (
			);
			runOnlyForDeploymentPostprocessing = 0;
		};
/* End PBXFrameworksBuildPhase section */

/* Begin PBXGroup section */
		12A1411F2D230D5F00852C4C = {
			isa = PBXGroup;
			children = (
				12A1412A2D230D5F00852C4C /* QR Code Safe */,
				12A1413B2D230D6000852C4C /* QR Code SafeTests */,
				12A141452D230D6000852C4C /* QR Code SafeUITests */,
				12A141292D230D5F00852C4C /* Products */,
			);
			sourceTree = "<group>";
		};
		12A141292D230D5F00852C4C /* Products */ = {
			isa = PBXGroup;
			children = (
				12A141282D230D5F00852C4C /* QR Code Safe.app */,
				12A141382D230D6000852C4C /* QR Code SafeTests.xctest */,
				12A141422D230D6000852C4C /* QR Code SafeUITests.xctest */,
			);
			name = Products;
			sourceTree = "<group>";
		};
		12A1412A2D230D5F00852C4C /* QR Code Safe */ = {
			isa = PBXGroup;
			children = (
				12A1412B2D230D5F00852C4C /* QR_Code_SafeApp.swift */,
				12A1412D2D230D5F00852C4C /* ContentView.swift */,
				12A1412F2D230D6000852C4C /* Assets.xcassets */,
				12A141312D230D6000852C4C /* Preview Content */,
			);
			path = "QR Code Safe";
			sourceTree = "<group>";
		};
		12A141312D230D6000852C4C /* Preview Content */ = {
			isa = PBXGroup;
			children = (
				12A141322D230D6000852C4C /* Preview Assets.xcassets */,
			);
			path = "Preview Content";
			sourceTree = "<group>";
		};
		12A1413B2D230D6000852C4C /* QR Code SafeTests */ = {
			isa = PBXGroup;
			children = (
				12A1413C2D230D6000852C4C /* QR_Code_SafeTests.swift */,
			);
			path = "QR Code SafeTests";
			sourceTree = "<group>";
		};
		12A141452D230D6000852C4C /* QR Code SafeUITests */ = {
			isa = PBXGroup;
			children = (
				12A141462D230D6000852C4C /* QR_Code_SafeUITests.swift */,
				12A141482D230D6000852C4C /* QR_Code_SafeUITestsLaunchTests.swift */,
			);
			path = "QR Code SafeUITests";
			sourceTree = "<group>";
		};
/* End PBXGroup section */

/* Begin PBXNativeTarget section */
		12A141272D230D5F00852C4C /* QR Code Safe */ = {
			isa = PBXNativeTarget;
			buildConfigurationList = 12A1414C2D230D6100852C4C /* Build configuration list for PBXNativeTarget "QR Code Safe" */;
			buildPhases = (
				12A141242D230D5F00852C4C /* Sources */,
				12A141252D230D5F00852C4C /* Frameworks */,
				12A141262D230D5F00852C4C /* Resources */,
			);
			buildRules = (
			);
			dependencies = (
			);
			name = "QR Code Safe";
			productName = "QR Code Safe";
			productReference = 12A141282D230D5F00852C4C /* QR Code Safe.app */;
			productType = "com.apple.product-type.application";
		};
		12A141372D230D6000852C4C /* QR Code SafeTests */ = {
			isa = PBXNativeTarget;
			buildConfigurationList = 12A1414F2D230D6100852C4C /* Build configuration list for PBXNativeTarget "QR Code SafeTests" */;
			buildPhases = (
				12A141342D230D6000852C4C /* Sources */,
				12A141352D230D6000852C4C /* Frameworks */,
				12A141362D230D6000852C4C /* Resources */,
			);
			buildRules = (
			);
			dependencies = (
				12A1413A2D230D6000852C4C /* PBXTargetDependency */,
			);
			name = "QR Code SafeTests";
			productName = "QR Code SafeTests";
			productReference = 12A141382D230D6000852C4C /* QR Code SafeTests.xctest */;
			productType = "com.apple.product-type.bundle.unit-test";
		};
		12A141412D230D6000852C4C /* QR Code SafeUITests */ = {
			isa = PBXNativeTarget;
			buildConfigurationList = 12A141522D230D6100852C4C /* Build configuration list for PBXNativeTarget "QR Code SafeUITests" */;
			buildPhases = (
				12A1413E2D230D6000852C4C /* Sources */,
				12A1413F2D230D6000852C4C /* Frameworks */,
				12A141402D230D6000852C4C /* Resources */,
			);
			buildRules = (
			);
			dependencies = (
				12A141442D230D6000852C4C /* PBXTargetDependency */,
			);
			name = "QR Code SafeUITests";
			productName = "QR Code SafeUITests";
			productReference = 12A141422D230D6000852C4C /* QR Code SafeUITests.xctest */;
			productType = "com.apple.product-type.bundle.ui-testing";
		};
/* End PBXNativeTarget section */

/* Begin PBXProject section */
		12A141202D230D5F00852C4C /* Project object */ = {
			isa = PBXProject;
			attributes = {
				BuildIndependentTargetsInParallel = 1;
				LastSwiftUpdateCheck = 1540;
				LastUpgradeCheck = 1540;
				TargetAttributes = {
					12A141272D230D5F00852C4C = {
						CreatedOnToolsVersion = 15.4;
					};
					12A141372D230D6000852C4C = {
						CreatedOnToolsVersion = 15.4;
						TestTargetID = 12A141272D230D5F00852C4C;
					};
					12A141412D230D6000852C4C = {
						CreatedOnToolsVersion = 15.4;
						TestTargetID = 12A141272D230D5F00852C4C;
					};
				};
			};
			buildConfigurationList = 12A141232D230D5F00852C4C /* Build configuration list for PBXProject "QR Code Safe" */;
			compatibilityVersion = "Xcode 14.0";
			developmentRegion = en;
			hasScannedForEncodings = 0;
			knownRegions = (
				en,
				Base,
			);
			mainGroup = 12A1411F2D230D5F00852C4C;
			productRefGroup = 12A141292D230D5F00852C4C /* Products */;
			projectDirPath = "";
			projectRoot = "";
			targets = (
				12A141272D230D5F00852C4C /* QR Code Safe */,
				12A141372D230D6000852C4C /* QR Code SafeTests */,
				12A141412D230D6000852C4C /* QR Code SafeUITests */,
			);
		};
/* End PBXProject section */

/* Begin PBXResourcesBuildPhase section */
		12A141262D230D5F00852C4C /* Resources */ = {
			isa = PBXResourcesBuildPhase;
			buildActionMask = 2147483647;
			files = (
				12A141332D230D6000852C4C /* Preview Assets.xcassets in Resources */,
				12A141302D230D6000852C4C /* Assets.xcassets in Resources */,
			);
			runOnlyForDeploymentPostprocessing = 0;
		};
		12A141362D230D6000852C4C /* Resources */ = {
			isa = PBXResourcesBuildPhase;
			buildActionMask = 2147483647;
			files = (
			);
			runOnlyForDeploymentPostprocessing = 0;
		};
		12A141402D230D6000852C4C /* Resources */ = {
			isa = PBXResourcesBuildPhase;
			buildActionMask = 2147483647;
			files = (
			);
			runOnlyForDeploymentPostprocessing = 0;
		};
/* End PBXResourcesBuildPhase section */

/* Begin PBXSourcesBuildPhase section */
		12A141242D230D5F00852C4C /* Sources */ = {
			isa = PBXSourcesBuildPhase;
			buildActionMask = 2147483647;
			files = (
				12A1412E2D230D5F00852C4C /* ContentView.swift in Sources */,
				12A1412C2D230D5F00852C4C /* QR_Code_SafeApp.swift in Sources */,
			);
			runOnlyForDeploymentPostprocessing = 0;
		};
		12A141342D230D6000852C4C /* Sources */ = {
			isa = PBXSourcesBuildPhase;
			buildActionMask = 2147483647;
			files = (
				12A1413D2D230D6000852C4C /* QR_Code_SafeTests.swift in Sources */,
			);
			runOnlyForDeploymentPostprocessing = 0;
		};
		12A1413E2D230D6000852C4C /* Sources */ = {
			isa = PBXSourcesBuildPhase;
			buildActionMask = 2147483647;
			files = (
				12A141472D230D6000852C4C /* QR_Code_SafeUITests.swift in Sources */,
				12A141492D230D6000852C4C /* QR_Code_SafeUITestsLaunchTests.swift in Sources */,
			);
			runOnlyForDeploymentPostprocessing = 0;
		};
/* End PBXSourcesBuildPhase section */

/* Begin PBXTargetDependency section */
		12A1413A2D230D6000852C4C /* PBXTargetDependency */ = {
			isa = PBXTargetDependency;
			target = 12A141272D230D5F00852C4C /* QR Code Safe */;
			targetProxy = 12A141392D230D6000852C4C /* PBXContainerItemProxy */;
		};
		12A141442D230D6000852C4C /* PBXTargetDependency */ = {
			isa = PBXTargetDependency;
			target = 12A141272D230D5F00852C4C /* QR Code Safe */;
			targetProxy = 12A141432D230D6000852C4C /* PBXContainerItemProxy */;
		};
/* End PBXTargetDependency section */

/* Begin XCBuildConfiguration section */
		12A1414A2D230D6100852C4C /* Debug */ = {
			isa = XCBuildConfiguration;
			buildSettings = {
				ALWAYS_SEARCH_USER_PATHS = NO;
				ASSETCATALOG_COMPILER_GENERATE_SWIFT_ASSET_SYMBOL_EXTENSIONS = YES;
				CLANG_ANALYZER_NONNULL = YES;
				CLANG_ANALYZER_NUMBER_OBJECT_CONVERSION = YES_AGGRESSIVE;
				CLANG_CXX_LANGUAGE_STANDARD = "gnu++20";
				CLANG_ENABLE_MODULES = YES;
				CLANG_ENABLE_OBJC_ARC = YES;
				CLANG_ENABLE_OBJC_WEAK = YES;
				CLANG_WARN_BLOCK_CAPTURE_AUTORELEASING = YES;
				CLANG_WARN_BOOL_CONVERSION = YES;
				CLANG_WARN_COMMA = YES;
				CLANG_WARN_CONSTANT_CONVERSION = YES;
				CLANG_WARN_DEPRECATED_OBJC_IMPLEMENTATIONS = YES;
				CLANG_WARN_DIRECT_OBJC_ISA_USAGE = YES_ERROR;
				CLANG_WARN_DOCUMENTATION_COMMENTS = YES;
				CLANG_WARN_EMPTY_BODY = YES;
				CLANG_WARN_ENUM_CONVERSION = YES;
				CLANG_WARN_INFINITE_RECURSION = YES;
				CLANG_WARN_INT_CONVERSION = YES;
				CLANG_WARN_NON_LITERAL_NULL_CONVERSION = YES;
				CLANG_WARN_OBJC_IMPLICIT_RETAIN_SELF = YES;
				CLANG_WARN_OBJC_LITERAL_CONVERSION = YES;
				CLANG_WARN_OBJC_ROOT_CLASS = YES_ERROR;
				CLANG_WARN_QUOTED_INCLUDE_IN_FRAMEWORK_HEADER = YES;
				CLANG_WARN_RANGE_LOOP_ANALYSIS = YES;
				CLANG_WARN_STRICT_PROTOTYPES = YES;
				CLANG_WARN_SUSPICIOUS_MOVE = YES;
				CLANG_WARN_UNGUARDED_AVAILABILITY = YES_AGGRESSIVE;
				CLANG_WARN_UNREACHABLE_CODE = YES;
				CLANG_WARN__DUPLICATE_METHOD_MATCH = YES;
				COPY_PHASE_STRIP = NO;
				DEBUG_INFORMATION_FORMAT = dwarf;
				ENABLE_STRICT_OBJC_MSGSEND = YES;
				ENABLE_TESTABILITY = YES;
				ENABLE_USER_SCRIPT_SANDBOXING = YES;
				GCC_C_LANGUAGE_STANDARD = gnu17;
				GCC_DYNAMIC_NO_PIC = NO;
				GCC_NO_COMMON_BLOCKS = YES;
				GCC_OPTIMIZATION_LEVEL = 0;
				GCC_PREPROCESSOR_DEFINITIONS = (
					"DEBUG=1",
					"$(inherited)",
				);
				GCC_WARN_64_TO_32_BIT_CONVERSION = YES;
				GCC_WARN_ABOUT_RETURN_TYPE = YES_ERROR;
				GCC_WARN_UNDECLARED_SELECTOR = YES;
				GCC_WARN_UNINITIALIZED_AUTOS = YES_AGGRESSIVE;
				GCC_WARN_UNUSED_FUNCTION = YES;
				GCC_WARN_UNUSED_VARIABLE = YES;
				IPHONEOS_DEPLOYMENT_TARGET = 17.5;
				LOCALIZATION_PREFERS_STRING_CATALOGS = YES;
				MTL_ENABLE_DEBUG_INFO = INCLUDE_SOURCE;
				MTL_FAST_MATH = YES;
				ONLY_ACTIVE_ARCH = YES;
				SDKROOT = iphoneos;
				SWIFT_ACTIVE_COMPILATION_CONDITIONS = "DEBUG $(inherited)";
				SWIFT_OPTIMIZATION_LEVEL = "-Onone";
			};
			name = Debug;
		};
		12A1414B2D230D6100852C4C /* Release */ = {
			isa = XCBuildConfiguration;
			buildSettings = {
				ALWAYS_SEARCH_USER_PATHS = NO;
				ASSETCATALOG_COMPILER_GENERATE_SWIFT_ASSET_SYMBOL_EXTENSIONS = YES;
				CLANG_ANALYZER_NONNULL = YES;
				CLANG_ANALYZER_NUMBER_OBJECT_CONVERSION = YES_AGGRESSIVE;
				CLANG_CXX_LANGUAGE_STANDARD = "gnu++20";
				CLANG_ENABLE_MODULES = YES;
				CLANG_ENABLE_OBJC_ARC = YES;
				CLANG_ENABLE_OBJC_WEAK = YES;
				CLANG_WARN_BLOCK_CAPTURE_AUTORELEASING = YES;
				CLANG_WARN_BOOL_CONVERSION = YES;
				CLANG_WARN_COMMA = YES;
				CLANG_WARN_CONSTANT_CONVERSION = YES;
				CLANG_WARN_DEPRECATED_OBJC_IMPLEMENTATIONS = YES;
				CLANG_WARN_DIRECT_OBJC_ISA_USAGE = YES_ERROR;
				CLANG_WARN_DOCUMENTATION_COMMENTS = YES;
				CLANG_WARN_EMPTY_BODY = YES;
				CLANG_WARN_ENUM_CONVERSION = YES;
				CLANG_WARN_INFINITE_RECURSION = YES;
				CLANG_WARN_INT_CONVERSION = YES;
				CLANG_WARN_NON_LITERAL_NULL_CONVERSION = YES;
				CLANG_WARN_OBJC_IMPLICIT_RETAIN_SELF = YES;
				CLANG_WARN_OBJC_LITERAL_CONVERSION = YES;
				CLANG_WARN_OBJC_ROOT_CLASS = YES_ERROR;
				CLANG_WARN_QUOTED_INCLUDE_IN_FRAMEWORK_HEADER = YES;
				CLANG_WARN_RANGE_LOOP_ANALYSIS = YES;
				CLANG_WARN_STRICT_PROTOTYPES = YES;
				CLANG_WARN_SUSPICIOUS_MOVE = YES;
				CLANG_WARN_UNGUARDED_AVAILABILITY = YES_AGGRESSIVE;
				CLANG_WARN_UNREACHABLE_CODE = YES;
				CLANG_WARN__DUPLICATE_METHOD_MATCH = YES;
				COPY_PHASE_STRIP = NO;
				DEBUG_INFORMATION_FORMAT = "dwarf-with-dsym";
				ENABLE_NS_ASSERTIONS = NO;
				ENABLE_STRICT_OBJC_MSGSEND = YES;
				ENABLE_USER_SCRIPT_SANDBOXING = YES;
				GCC_C_LANGUAGE_STANDARD = gnu17;
				GCC_NO_COMMON_BLOCKS = YES;
				GCC_WARN_64_TO_32_BIT_CONVERSION = YES;
				GCC_WARN_ABOUT_RETURN_TYPE = YES_ERROR;
				GCC_WARN_UNDECLARED_SELECTOR = YES;
				GCC_WARN_UNINITIALIZED_AUTOS = YES_AGGRESSIVE;
				GCC_WARN_UNUSED_FUNCTION = YES;
				GCC_WARN_UNUSED_VARIABLE = YES;
				IPHONEOS_DEPLOYMENT_TARGET = 17.5;
				LOCALIZATION_PREFERS_STRING_CATALOGS = YES;
				MTL_ENABLE_DEBUG_INFO = NO;
				MTL_FAST_MATH = YES;
				SDKROOT = iphoneos;
				SWIFT_COMPILATION_MODE = wholemodule;
				VALIDATE_PRODUCT = YES;
			};
			name = Release;
		};
		12A1414D2D230D6100852C4C /* Debug */ = {
			isa = XCBuildConfiguration;
			buildSettings = {
				ASSETCATALOG_COMPILER_APPICON_NAME = AppIcon;
				ASSETCATALOG_COMPILER_GLOBAL_ACCENT_COLOR_NAME = AccentColor;
				CODE_SIGN_STYLE = Automatic;
				CURRENT_PROJECT_VERSION = 1;
				DEVELOPMENT_ASSET_PATHS = "\"QR Code Safe/Preview Content\"";
				DEVELOPMENT_TEAM = NGMC668N4J;
				ENABLE_PREVIEWS = YES;
				GENERATE_INFOPLIST_FILE = YES;
				INFOPLIST_KEY_UIApplicationSceneManifest_Generation = YES;
				INFOPLIST_KEY_UIApplicationSupportsIndirectInputEvents = YES;
				INFOPLIST_KEY_UILaunchScreen_Generation = YES;
				INFOPLIST_KEY_UISupportedInterfaceOrientations_iPad = "UIInterfaceOrientationPortrait UIInterfaceOrientationPortraitUpsideDown UIInterfaceOrientationLandscapeLeft UIInterfaceOrientationLandscapeRight";
				INFOPLIST_KEY_UISupportedInterfaceOrientations_iPhone = "UIInterfaceOrientationPortrait UIInterfaceOrientationLandscapeLeft UIInterfaceOrientationLandscapeRight";
				LD_RUNPATH_SEARCH_PATHS = (
					"$(inherited)",
					"@executable_path/Frameworks",
				);
				MARKETING_VERSION = 1.0;
				PRODUCT_BUNDLE_IDENTIFIER = "Love-Divine.QR-Code-Safe";
				PRODUCT_NAME = "$(TARGET_NAME)";
				SWIFT_EMIT_LOC_STRINGS = YES;
				SWIFT_VERSION = 5.0;
				TARGETED_DEVICE_FAMILY = "1,2";
			};
			name = Debug;
		};
		12A1414E2D230D6100852C4C /* Release */ = {
			isa = XCBuildConfiguration;
			buildSettings = {
				ASSETCATALOG_COMPILER_APPICON_NAME = AppIcon;
				ASSETCATALOG_COMPILER_GLOBAL_ACCENT_COLOR_NAME = AccentColor;
				CODE_SIGN_STYLE = Automatic;
				CURRENT_PROJECT_VERSION = 1;
				DEVELOPMENT_ASSET_PATHS = "\"QR Code Safe/Preview Content\"";
				DEVELOPMENT_TEAM = NGMC668N4J;
				ENABLE_PREVIEWS = YES;
				GENERATE_INFOPLIST_FILE = YES;
				INFOPLIST_KEY_UIApplicationSceneManifest_Generation = YES;
				INFOPLIST_KEY_UIApplicationSupportsIndirectInputEvents = YES;
				INFOPLIST_KEY_UILaunchScreen_Generation = YES;
				INFOPLIST_KEY_UISupportedInterfaceOrientations_iPad = "UIInterfaceOrientationPortrait UIInterfaceOrientationPortraitUpsideDown UIInterfaceOrientationLandscapeLeft UIInterfaceOrientationLandscapeRight";
				INFOPLIST_KEY_UISupportedInterfaceOrientations_iPhone = "UIInterfaceOrientationPortrait UIInterfaceOrientationLandscapeLeft UIInterfaceOrientationLandscapeRight";
				LD_RUNPATH_SEARCH_PATHS = (
					"$(inherited)",
					"@executable_path/Frameworks",
				);
				MARKETING_VERSION = 1.0;
				PRODUCT_BUNDLE_IDENTIFIER = "Love-Divine.QR-Code-Safe";
				PRODUCT_NAME = "$(TARGET_NAME)";
				SWIFT_EMIT_LOC_STRINGS = YES;
				SWIFT_VERSION = 5.0;
				TARGETED_DEVICE_FAMILY = "1,2";
			};
			name = Release;
		};
		12A141502D230D6100852C4C /* Debug */ = {
			isa = XCBuildConfiguration;
			buildSettings = {
				ALWAYS_EMBED_SWIFT_STANDARD_LIBRARIES = YES;
				BUNDLE_LOADER = "$(TEST_HOST)";
				CODE_SIGN_STYLE = Automatic;
				CURRENT_PROJECT_VERSION = 1;
				DEVELOPMENT_TEAM = NGMC668N4J;
				GENERATE_INFOPLIST_FILE = YES;
				IPHONEOS_DEPLOYMENT_TARGET = 17.5;
				MARKETING_VERSION = 1.0;
				PRODUCT_BUNDLE_IDENTIFIER = "Love-Divine.QR-Code-SafeTests";
				PRODUCT_NAME = "$(TARGET_NAME)";
				SWIFT_EMIT_LOC_STRINGS = NO;
				SWIFT_VERSION = 5.0;
				TARGETED_DEVICE_FAMILY = "1,2";
				TEST_HOST = "$(BUILT_PRODUCTS_DIR)/QR Code Safe.app/$(BUNDLE_EXECUTABLE_FOLDER_PATH)/QR Code Safe";
			};
			name = Debug;
		};
		12A141512D230D6100852C4C /* Release */ = {
			isa = XCBuildConfiguration;
			buildSettings = {
				ALWAYS_EMBED_SWIFT_STANDARD_LIBRARIES = YES;
				BUNDLE_LOADER = "$(TEST_HOST)";
				CODE_SIGN_STYLE = Automatic;
				CURRENT_PROJECT_VERSION = 1;
				DEVELOPMENT_TEAM = NGMC668N4J;
				GENERATE_INFOPLIST_FILE = YES;
				IPHONEOS_DEPLOYMENT_TARGET = 17.5;
				MARKETING_VERSION = 1.0;
				PRODUCT_BUNDLE_IDENTIFIER = "Love-Divine.QR-Code-SafeTests";
				PRODUCT_NAME = "$(TARGET_NAME)";
				SWIFT_EMIT_LOC_STRINGS = NO;
				SWIFT_VERSION = 5.0;
				TARGETED_DEVICE_FAMILY = "1,2";
				TEST_HOST = "$(BUILT_PRODUCTS_DIR)/QR Code Safe.app/$(BUNDLE_EXECUTABLE_FOLDER_PATH)/QR Code Safe";
			};
			name = Release;
		};
		12A141532D230D6100852C4C /* Debug */ = {
			isa = XCBuildConfiguration;
			buildSettings = {
				ALWAYS_EMBED_SWIFT_STANDARD_LIBRARIES = YES;
				CODE_SIGN_STYLE = Automatic;
				CURRENT_PROJECT_VERSION = 1;
				DEVELOPMENT_TEAM = NGMC668N4J;
				GENERATE_INFOPLIST_FILE = YES;
				MARKETING_VERSION = 1.0;
				PRODUCT_BUNDLE_IDENTIFIER = "Love-Divine.QR-Code-SafeUITests";
				PRODUCT_NAME = "$(TARGET_NAME)";
				SWIFT_EMIT_LOC_STRINGS = NO;
				SWIFT_VERSION = 5.0;
				TARGETED_DEVICE_FAMILY = "1,2";
				TEST_TARGET_NAME = "QR Code Safe";
			};
			name = Debug;
		};
		12A141542D230D6100852C4C /* Release */ = {
			isa = XCBuildConfiguration;
			buildSettings = {
				ALWAYS_EMBED_SWIFT_STANDARD_LIBRARIES = YES;
				CODE_SIGN_STYLE = Automatic;
				CURRENT_PROJECT_VERSION = 1;
				DEVELOPMENT_TEAM = NGMC668N4J;
				GENERATE_INFOPLIST_FILE = YES;
				MARKETING_VERSION = 1.0;
				PRODUCT_BUNDLE_IDENTIFIER = "Love-Divine.QR-Code-SafeUITests";
				PRODUCT_NAME = "$(TARGET_NAME)";
				SWIFT_EMIT_LOC_STRINGS = NO;
				SWIFT_VERSION = 5.0;
				TARGETED_DEVICE_FAMILY = "1,2";
				TEST_TARGET_NAME = "QR Code Safe";
			};
			name = Release;
		};
/* End XCBuildConfiguration section */

/* Begin XCConfigurationList section */
		12A141232D230D5F00852C4C /* Build configuration list for PBXProject "QR Code Safe" */ = {
			isa = XCConfigurationList;
			buildConfigurations = (
				12A1414A2D230D6100852C4C /* Debug */,
				12A1414B2D230D6100852C4C /* Release */,
			);
			defaultConfigurationIsVisible = 0;
			defaultConfigurationName = Release;
		};
		12A1414C2D230D6100852C4C /* Build configuration list for PBXNativeTarget "QR Code Safe" */ = {
			isa = XCConfigurationList;
			buildConfigurations = (
				12A1414D2D230D6100852C4C /* Debug */,
				12A1414E2D230D6100852C4C /* Release */,
			);
			defaultConfigurationIsVisible = 0;
			defaultConfigurationName = Release;
		};
		12A1414F2D230D6100852C4C /* Build configuration list for PBXNativeTarget "QR Code SafeTests" */ = {
			isa = XCConfigurationList;
			buildConfigurations = (
				12A141502D230D6100852C4C /* Debug */,
				12A141512D230D6100852C4C /* Release */,
			);
			defaultConfigurationIsVisible = 0;
			defaultConfigurationName = Release;
		};
		12A141522D230D6100852C4C /* Build configuration list for PBXNativeTarget "QR Code SafeUITests" */ = {
			isa = XCConfigurationList;
			buildConfigurations = (
				12A141532D230D6100852C4C /* Debug */,
				12A141542D230D6100852C4C /* Release */,
			);
			defaultConfigurationIsVisible = 0;
			defaultConfigurationName = Release;
		};
/* End XCConfigurationList section */
	};
	rootObject = 12A141202D230D5F00852C4C /* Project object */;
}
